
Microsoft Visual Studio Solution File, Format Version 12.00
# Visual Studio 2012
Project("{FAE04EC0-301F-11D3-BF4B-00C04F79EFBC}") = "UserProfile", "UserProfile\UserProfile.csproj", "{AAE044AE-6926-4DEA-898E-730AD1A6451E}"
EndProject
Project("{FAE04EC0-301F-11D3-BF4B-00C04F79EFBC}") = "UserProfile.iOS", "iOS\UserProfile.iOS.csproj", "{F0051BEB-6345-46A6-8233-DF942D6D27B6}"
EndProject
Project("{FAE04EC0-301F-11D3-BF4B-00C04F79EFBC}") = "UserProfile.Droid", "Droid\UserProfile.Droid.csproj", "{7EDF0F08-56A2-49F0-958C-6ECA6854D8B2}"
EndProject
Global
	GlobalSection(SolutionConfigurationPlatforms) = preSolution
		Debug|Any CPU = Debug|Any CPU
		Release|Any CPU = Release|Any CPU
		Debug|iPhoneSimulator = Debug|iPhoneSimulator
		Release|iPhone = Release|iPhone
		Release|iPhoneSimulator = Release|iPhoneSimulator
		Debug|iPhone = Debug|iPhone
	EndGlobalSection
	GlobalSection(ProjectConfigurationPlatforms) = postSolution
		{AAE044AE-6926-4DEA-898E-730AD1A6451E}.Debug|Any CPU.ActiveCfg = Debug|Any CPU
		{AAE044AE-6926-4DEA-898E-730AD1A6451E}.Debug|Any CPU.Build.0 = Debug|Any CPU
		{AAE044AE-6926-4DEA-898E-730AD1A6451E}.Release|Any CPU.ActiveCfg = Release|Any CPU
		{AAE044AE-6926-4DEA-898E-730AD1A6451E}.Release|Any CPU.Build.0 = Release|Any CPU
		{AAE044AE-6926-4DEA-898E-730AD1A6451E}.Debug|iPhoneSimulator.ActiveCfg = Debug|Any CPU
		{AAE044AE-6926-4DEA-898E-730AD1A6451E}.Debug|iPhoneSimulator.Build.0 = Debug|Any CPU
		{AAE044AE-6926-4DEA-898E-730AD1A6451E}.Release|iPhone.ActiveCfg = Release|Any CPU
		{AAE044AE-6926-4DEA-898E-730AD1A6451E}.Release|iPhone.Build.0 = Release|Any CPU
		{AAE044AE-6926-4DEA-898E-730AD1A6451E}.Release|iPhoneSimulator.ActiveCfg = Release|Any CPU
		{AAE044AE-6926-4DEA-898E-730AD1A6451E}.Release|iPhoneSimulator.Build.0 = Release|Any CPU
		{AAE044AE-6926-4DEA-898E-730AD1A6451E}.Debug|iPhone.ActiveCfg = Debug|Any CPU
		{AAE044AE-6926-4DEA-898E-730AD1A6451E}.Debug|iPhone.Build.0 = Debug|Any CPU
		{F0051BEB-6345-46A6-8233-DF942D6D27B6}.Debug|Any CPU.ActiveCfg = Debug|iPhoneSimulator
		{F0051BEB-6345-46A6-8233-DF942D6D27B6}.Debug|Any CPU.Build.0 = Debug|iPhoneSimulator
		{F0051BEB-6345-46A6-8233-DF942D6D27B6}.Release|Any CPU.ActiveCfg = Release|iPhone
		{F0051BEB-6345-46A6-8233-DF942D6D27B6}.Release|Any CPU.Build.0 = Release|iPhone
		{F0051BEB-6345-46A6-8233-DF942D6D27B6}.Debug|iPhoneSimulator.ActiveCfg = Debug|iPhoneSimulator
		{F0051BEB-6345-46A6-8233-DF942D6D27B6}.Debug|iPhoneSimulator.Build.0 = Debug|iPhoneSimulator
		{F0051BEB-6345-46A6-8233-DF942D6D27B6}.Release|iPhone.ActiveCfg = Release|iPhone
		{F0051BEB-6345-46A6-8233-DF942D6D27B6}.Release|iPhone.Build.0 = Release|iPhone
		{F0051BEB-6345-46A6-8233-DF942D6D27B6}.Release|iPhoneSimulator.ActiveCfg = Release|iPhoneSimulator
		{F0051BEB-6345-46A6-8233-DF942D6D27B6}.Release|iPhoneSimulator.Build.0 = Release|iPhoneSimulator
		{F0051BEB-6345-46A6-8233-DF942D6D27B6}.Debug|iPhone.ActiveCfg = Debug|iPhone
		{F0051BEB-6345-46A6-8233-DF942D6D27B6}.Debug|iPhone.Build.0 = Debug|iPhone
		{7EDF0F08-56A2-49F0-958C-6ECA6854D8B2}.Debug|Any CPU.ActiveCfg = Debug|Any CPU
		{7EDF0F08-56A2-49F0-958C-6ECA6854D8B2}.Debug|Any CPU.Build.0 = Debug|Any CPU
		{7EDF0F08-56A2-49F0-958C-6ECA6854D8B2}.Release|Any CPU.ActiveCfg = Release|Any CPU
		{7EDF0F08-56A2-49F0-958C-6ECA6854D8B2}.Release|Any CPU.Build.0 = Release|Any CPU
		{7EDF0F08-56A2-49F0-958C-6ECA6854D8B2}.Debug|iPhoneSimulator.ActiveCfg = Debug|Any CPU
		{7EDF0F08-56A2-49F0-958C-6ECA6854D8B2}.Debug|iPhoneSimulator.Build.0 = Debug|Any CPU
		{7EDF0F08-56A2-49F0-958C-6ECA6854D8B2}.Release|iPhone.ActiveCfg = Release|Any CPU
		{7EDF0F08-56A2-49F0-958C-6ECA6854D8B2}.Release|iPhone.Build.0 = Release|Any CPU
		{7EDF0F08-56A2-49F0-958C-6ECA6854D8B2}.Release|iPhoneSimulator.ActiveCfg = Release|Any CPU
		{7EDF0F08-56A2-49F0-958C-6ECA6854D8B2}.Release|iPhoneSimulator.Build.0 = Release|Any CPU
		{7EDF0F08-56A2-49F0-958C-6ECA6854D8B2}.Debug|iPhone.ActiveCfg = Debug|Any CPU
		{7EDF0F08-56A2-49F0-958C-6ECA6854D8B2}.Debug|iPhone.Build.0 = Debug|Any CPU
	EndGlobalSection
EndGlobal
